
Microsoft Visual Studio Solution File, Format Version 12.00
# Visual Studio Version 17
VisualStudioVersion = 17.4.33205.214
MinimumVisualStudioVersion = 10.0.40219.1
Project("{FAE04EC0-301F-11D3-BF4B-00C04F79EFBC}") = "WPF_CRUD_study", "WPF_CRUD_study\WPF_CRUD_study.csproj", "{4DD33F19-BBDA-4C85-8AD5-EA468CB5CECB}"
EndProject
Global
	GlobalSection(SolutionConfigurationPlatforms) = preSolution
		Debug|Any CPU = Debug|Any CPU
		Release|Any CPU = Release|Any CPU
	EndGlobalSection
	GlobalSection(ProjectConfigurationPlatforms) = postSolution
		{4DD33F19-BBDA-4C85-8AD5-EA468CB5CECB}.Debug|Any CPU.ActiveCfg = Debug|Any CPU
		{4DD33F19-BBDA-4C85-8AD5-EA468CB5CECB}.Debug|Any CPU.Build.0 = Debug|Any CPU
		{4DD33F19-BBDA-4C85-8AD5-EA468CB5CECB}.Release|Any CPU.ActiveCfg = Release|Any CPU
		{4DD33F19-BBDA-4C85-8AD5-EA468CB5CECB}.Release|Any CPU.Build.0 = Release|Any CPU
	EndGlobalSection
	GlobalSection(SolutionProperties) = preSolution
		HideSolutionNode = FALSE
	EndGlobalSection
	GlobalSection(ExtensibilityGlobals) = postSolution
		SolutionGuid = {EB85042F-CEBF-436A-B263-78B9C7E15618}
	EndGlobalSection
EndGlobal
